// !$*UTF8*$!
{
	archiveVersion = 1;
	classes = {
	};
	objectVersion = 56;
	objects = {

/* Begin PBXBuildFile section */
		FA6C61F62B524D8F001032AC /* WelcomeView.swift in Sources */ = {isa = PBXBuildFile; fileRef = FA6C61F52B524D8F001032AC /* WelcomeView.swift */; };
		FA6C61F82B524DD7001032AC /* CategoriesViewController.swift in Sources */ = {isa = PBXBuildFile; fileRef = FA6C61F72B524DD7001032AC /* CategoriesViewController.swift */; };
		FA6C61FA2B5250FE001032AC /* CategoriesView.swift in Sources */ = {isa = PBXBuildFile; fileRef = FA6C61F92B5250FE001032AC /* CategoriesView.swift */; };
		FA6C61FC2B52633B001032AC /* CategoriesViewModel.swift in Sources */ = {isa = PBXBuildFile; fileRef = FA6C61FB2B52633B001032AC /* CategoriesViewModel.swift */; };
		FABBA0092B511601006BC90C /* AppDelegate.swift in Sources */ = {isa = PBXBuildFile; fileRef = FABBA0082B511601006BC90C /* AppDelegate.swift */; };
		FABBA00B2B511601006BC90C /* SceneDelegate.swift in Sources */ = {isa = PBXBuildFile; fileRef = FABBA00A2B511601006BC90C /* SceneDelegate.swift */; };
		FABBA0122B511603006BC90C /* Assets.xcassets in Resources */ = {isa = PBXBuildFile; fileRef = FABBA0112B511603006BC90C /* Assets.xcassets */; };
		FABBA0152B511603006BC90C /* LaunchScreen.storyboard in Resources */ = {isa = PBXBuildFile; fileRef = FABBA0132B511603006BC90C /* LaunchScreen.storyboard */; };
		FABBA0232B5117CD006BC90C /* Router.swift in Sources */ = {isa = PBXBuildFile; fileRef = FABBA0222B5117CD006BC90C /* Router.swift */; };
		FABBA0272B51185B006BC90C /* Images.swift in Sources */ = {isa = PBXBuildFile; fileRef = FABBA0262B51185B006BC90C /* Images.swift */; };
		FABBA0292B5119F3006BC90C /* Color+Extension.swift in Sources */ = {isa = PBXBuildFile; fileRef = FABBA0282B5119F3006BC90C /* Color+Extension.swift */; };
		FABBA02B2B511A7F006BC90C /* UIView+Extension.swift in Sources */ = {isa = PBXBuildFile; fileRef = FABBA02A2B511A7F006BC90C /* UIView+Extension.swift */; };
		FABBA02D2B511B1C006BC90C /* WelcomeViewController.swift in Sources */ = {isa = PBXBuildFile; fileRef = FABBA02C2B511B1C006BC90C /* WelcomeViewController.swift */; };
		FABBA0312B51257B006BC90C /* Labels.swift in Sources */ = {isa = PBXBuildFile; fileRef = FABBA0302B51257B006BC90C /* Labels.swift */; };
/* End PBXBuildFile section */

/* Begin PBXFileReference section */
		FA6C61F52B524D8F001032AC /* WelcomeView.swift */ = {isa = PBXFileReference; lastKnownFileType = sourcecode.swift; path = WelcomeView.swift; sourceTree = "<group>"; };
		FA6C61F72B524DD7001032AC /* CategoriesViewController.swift */ = {isa = PBXFileReference; lastKnownFileType = sourcecode.swift; path = CategoriesViewController.swift; sourceTree = "<group>"; };
		FA6C61F92B5250FE001032AC /* CategoriesView.swift */ = {isa = PBXFileReference; lastKnownFileType = sourcecode.swift; path = CategoriesView.swift; sourceTree = "<group>"; };
		FA6C61FB2B52633B001032AC /* CategoriesViewModel.swift */ = {isa = PBXFileReference; lastKnownFileType = sourcecode.swift; path = CategoriesViewModel.swift; sourceTree = "<group>"; };
		FABBA0052B511601006BC90C /* GroceriesApp-UIKit.app */ = {isa = PBXFileReference; explicitFileType = wrapper.application; includeInIndex = 0; path = "GroceriesApp-UIKit.app"; sourceTree = BUILT_PRODUCTS_DIR; };
		FABBA0082B511601006BC90C /* AppDelegate.swift */ = {isa = PBXFileReference; lastKnownFileType = sourcecode.swift; path = AppDelegate.swift; sourceTree = "<group>"; };
		FABBA00A2B511601006BC90C /* SceneDelegate.swift */ = {isa = PBXFileReference; lastKnownFileType = sourcecode.swift; path = SceneDelegate.swift; sourceTree = "<group>"; };
		FABBA0112B511603006BC90C /* Assets.xcassets */ = {isa = PBXFileReference; lastKnownFileType = folder.assetcatalog; path = Assets.xcassets; sourceTree = "<group>"; };
		FABBA0142B511603006BC90C /* Base */ = {isa = PBXFileReference; lastKnownFileType = file.storyboard; name = Base; path = Base.lproj/LaunchScreen.storyboard; sourceTree = "<group>"; };
		FABBA0162B511603006BC90C /* Info.plist */ = {isa = PBXFileReference; lastKnownFileType = text.plist.xml; path = Info.plist; sourceTree = "<group>"; };
		FABBA0222B5117CD006BC90C /* Router.swift */ = {isa = PBXFileReference; lastKnownFileType = sourcecode.swift; path = Router.swift; sourceTree = "<group>"; };
		FABBA0262B51185B006BC90C /* Images.swift */ = {isa = PBXFileReference; lastKnownFileType = sourcecode.swift; path = Images.swift; sourceTree = "<group>"; };
		FABBA0282B5119F3006BC90C /* Color+Extension.swift */ = {isa = PBXFileReference; lastKnownFileType = sourcecode.swift; path = "Color+Extension.swift"; sourceTree = "<group>"; };
		FABBA02A2B511A7F006BC90C /* UIView+Extension.swift */ = {isa = PBXFileReference; lastKnownFileType = sourcecode.swift; path = "UIView+Extension.swift"; sourceTree = "<group>"; };
		FABBA02C2B511B1C006BC90C /* WelcomeViewController.swift */ = {isa = PBXFileReference; lastKnownFileType = sourcecode.swift; path = WelcomeViewController.swift; sourceTree = "<group>"; };
		FABBA0302B51257B006BC90C /* Labels.swift */ = {isa = PBXFileReference; lastKnownFileType = sourcecode.swift; path = Labels.swift; sourceTree = "<group>"; };
/* End PBXFileReference section */

/* Begin PBXFrameworksBuildPhase section */
		FABBA0022B511601006BC90C /* Frameworks */ = {
			isa = PBXFrameworksBuildPhase;
			buildActionMask = 2147483647;
			files = (
			);
			runOnlyForDeploymentPostprocessing = 0;
		};
/* End PBXFrameworksBuildPhase section */

/* Begin PBXGroup section */
		FABB9FFC2B511601006BC90C = {
			isa = PBXGroup;
			children = (
				FABBA0072B511601006BC90C /* GroceriesApp-UIKit */,
				FABBA0062B511601006BC90C /* Products */,
			);
			sourceTree = "<group>";
		};
		FABBA0062B511601006BC90C /* Products */ = {
			isa = PBXGroup;
			children = (
				FABBA0052B511601006BC90C /* GroceriesApp-UIKit.app */,
			);
			name = Products;
			sourceTree = "<group>";
		};
		FABBA0072B511601006BC90C /* GroceriesApp-UIKit */ = {
			isa = PBXGroup;
			children = (
				FABBA0242B511832006BC90C /* Helpers */,
				FABBA0202B5117B4006BC90C /* Router */,
				FABBA01F2B511697006BC90C /* Model */,
				FABBA01D2B511690006BC90C /* View */,
				FABBA01C2B511685006BC90C /* ViewModel */,
				FABBA0082B511601006BC90C /* AppDelegate.swift */,
				FABBA00A2B511601006BC90C /* SceneDelegate.swift */,
				FABBA0112B511603006BC90C /* Assets.xcassets */,
				FABBA0132B511603006BC90C /* LaunchScreen.storyboard */,
				FABBA0162B511603006BC90C /* Info.plist */,
			);
			path = "GroceriesApp-UIKit";
			sourceTree = "<group>";
		};
		FABBA01C2B511685006BC90C /* ViewModel */ = {
			isa = PBXGroup;
			children = (
				FA6C61FB2B52633B001032AC /* CategoriesViewModel.swift */,
			);
			path = ViewModel;
			sourceTree = "<group>";
		};
		FABBA01D2B511690006BC90C /* View */ = {
			isa = PBXGroup;
			children = (
				FABBA01E2B511693006BC90C /* Controller */,
				FA6C61F52B524D8F001032AC /* WelcomeView.swift */,
				FA6C61F92B5250FE001032AC /* CategoriesView.swift */,
			);
			path = View;
			sourceTree = "<group>";
		};
		FABBA01E2B511693006BC90C /* Controller */ = {
			isa = PBXGroup;
			children = (
				FABBA02C2B511B1C006BC90C /* WelcomeViewController.swift */,
				FA6C61F72B524DD7001032AC /* CategoriesViewController.swift */,
			);
			path = Controller;
			sourceTree = "<group>";
		};
		FABBA01F2B511697006BC90C /* Model */ = {
			isa = PBXGroup;
			children = (
			);
			path = Model;
			sourceTree = "<group>";
		};
		FABBA0202B5117B4006BC90C /* Router */ = {
			isa = PBXGroup;
			children = (
				FABBA0222B5117CD006BC90C /* Router.swift */,
			);
			path = Router;
			sourceTree = "<group>";
		};
		FABBA0242B511832006BC90C /* Helpers */ = {
			isa = PBXGroup;
			children = (
				FABBA02F2B51256F006BC90C /* Constants */,
				FABBA0262B51185B006BC90C /* Images.swift */,
				FABBA0282B5119F3006BC90C /* Color+Extension.swift */,
				FABBA02A2B511A7F006BC90C /* UIView+Extension.swift */,
			);
			path = Helpers;
			sourceTree = "<group>";
		};
		FABBA02F2B51256F006BC90C /* Constants */ = {
			isa = PBXGroup;
			children = (
				FABBA0302B51257B006BC90C /* Labels.swift */,
			);
			path = Constants;
			sourceTree = "<group>";
		};
/* End PBXGroup section */

/* Begin PBXNativeTarget section */
		FABBA0042B511601006BC90C /* GroceriesApp-UIKit */ = {
			isa = PBXNativeTarget;
			buildConfigurationList = FABBA0192B511603006BC90C /* Build configuration list for PBXNativeTarget "GroceriesApp-UIKit" */;
			buildPhases = (
				FABBA0012B511601006BC90C /* Sources */,
				FABBA0022B511601006BC90C /* Frameworks */,
				FABBA0032B511601006BC90C /* Resources */,
			);
			buildRules = (
			);
			dependencies = (
			);
			name = "GroceriesApp-UIKit";
			productName = "GroceriesApp-UIKit";
			productReference = FABBA0052B511601006BC90C /* GroceriesApp-UIKit.app */;
			productType = "com.apple.product-type.application";
		};
/* End PBXNativeTarget section */

/* Begin PBXProject section */
		FABB9FFD2B511601006BC90C /* Project object */ = {
			isa = PBXProject;
			attributes = {
				BuildIndependentTargetsInParallel = 1;
				LastSwiftUpdateCheck = 1420;
				LastUpgradeCheck = 1420;
				TargetAttributes = {
					FABBA0042B511601006BC90C = {
						CreatedOnToolsVersion = 14.2;
					};
				};
			};
			buildConfigurationList = FABBA0002B511601006BC90C /* Build configuration list for PBXProject "GroceriesApp-UIKit" */;
			compatibilityVersion = "Xcode 14.0";
			developmentRegion = en;
			hasScannedForEncodings = 0;
			knownRegions = (
				en,
				Base,
			);
			mainGroup = FABB9FFC2B511601006BC90C;
			productRefGroup = FABBA0062B511601006BC90C /* Products */;
			projectDirPath = "";
			projectRoot = "";
			targets = (
				FABBA0042B511601006BC90C /* GroceriesApp-UIKit */,
			);
		};
/* End PBXProject section */

/* Begin PBXResourcesBuildPhase section */
		FABBA0032B511601006BC90C /* Resources */ = {
			isa = PBXResourcesBuildPhase;
			buildActionMask = 2147483647;
			files = (
				FABBA0152B511603006BC90C /* LaunchScreen.storyboard in Resources */,
				FABBA0122B511603006BC90C /* Assets.xcassets in Resources */,
			);
			runOnlyForDeploymentPostprocessing = 0;
		};
/* End PBXResourcesBuildPhase section */

/* Begin PBXSourcesBuildPhase section */
		FABBA0012B511601006BC90C /* Sources */ = {
			isa = PBXSourcesBuildPhase;
			buildActionMask = 2147483647;
			files = (
				FABBA0232B5117CD006BC90C /* Router.swift in Sources */,
				FABBA02B2B511A7F006BC90C /* UIView+Extension.swift in Sources */,
				FABBA0312B51257B006BC90C /* Labels.swift in Sources */,
				FABBA0292B5119F3006BC90C /* Color+Extension.swift in Sources */,
				FA6C61F82B524DD7001032AC /* CategoriesViewController.swift in Sources */,
				FA6C61F62B524D8F001032AC /* WelcomeView.swift in Sources */,
				FABBA0272B51185B006BC90C /* Images.swift in Sources */,
				FABBA0092B511601006BC90C /* AppDelegate.swift in Sources */,
				FA6C61FA2B5250FE001032AC /* CategoriesView.swift in Sources */,
				FABBA00B2B511601006BC90C /* SceneDelegate.swift in Sources */,
				FA6C61FC2B52633B001032AC /* CategoriesViewModel.swift in Sources */,
				FABBA02D2B511B1C006BC90C /* WelcomeViewController.swift in Sources */,
			);
			runOnlyForDeploymentPostprocessing = 0;
		};
/* End PBXSourcesBuildPhase section */

/* Begin PBXVariantGroup section */
		FABBA0132B511603006BC90C /* LaunchScreen.storyboard */ = {
			isa = PBXVariantGroup;
			children = (
				FABBA0142B511603006BC90C /* Base */,
			);
			name = LaunchScreen.storyboard;
			sourceTree = "<group>";
		};
/* End PBXVariantGroup section */

/* Begin XCBuildConfiguration section */
		FABBA0172B511603006BC90C /* Debug */ = {
			isa = XCBuildConfiguration;
			buildSettings = {
				ALWAYS_SEARCH_USER_PATHS = NO;
				CLANG_ANALYZER_NONNULL = YES;
				CLANG_ANALYZER_NUMBER_OBJECT_CONVERSION = YES_AGGRESSIVE;
				CLANG_CXX_LANGUAGE_STANDARD = "gnu++20";
				CLANG_ENABLE_MODULES = YES;
				CLANG_ENABLE_OBJC_ARC = YES;
				CLANG_ENABLE_OBJC_WEAK = YES;
				CLANG_WARN_BLOCK_CAPTURE_AUTORELEASING = YES;
				CLANG_WARN_BOOL_CONVERSION = YES;
				CLANG_WARN_COMMA = YES;
				CLANG_WARN_CONSTANT_CONVERSION = YES;
				CLANG_WARN_DEPRECATED_OBJC_IMPLEMENTATIONS = YES;
				CLANG_WARN_DIRECT_OBJC_ISA_USAGE = YES_ERROR;
				CLANG_WARN_DOCUMENTATION_COMMENTS = YES;
				CLANG_WARN_EMPTY_BODY = YES;
				CLANG_WARN_ENUM_CONVERSION = YES;
				CLANG_WARN_INFINITE_RECURSION = YES;
				CLANG_WARN_INT_CONVERSION = YES;
				CLANG_WARN_NON_LITERAL_NULL_CONVERSION = YES;
				CLANG_WARN_OBJC_IMPLICIT_RETAIN_SELF = YES;
				CLANG_WARN_OBJC_LITERAL_CONVERSION = YES;
				CLANG_WARN_OBJC_ROOT_CLASS = YES_ERROR;
				CLANG_WARN_QUOTED_INCLUDE_IN_FRAMEWORK_HEADER = YES;
				CLANG_WARN_RANGE_LOOP_ANALYSIS = YES;
				CLANG_WARN_STRICT_PROTOTYPES = YES;
				CLANG_WARN_SUSPICIOUS_MOVE = YES;
				CLANG_WARN_UNGUARDED_AVAILABILITY = YES_AGGRESSIVE;
				CLANG_WARN_UNREACHABLE_CODE = YES;
				CLANG_WARN__DUPLICATE_METHOD_MATCH = YES;
				COPY_PHASE_STRIP = NO;
				DEBUG_INFORMATION_FORMAT = dwarf;
				ENABLE_STRICT_OBJC_MSGSEND = YES;
				ENABLE_TESTABILITY = YES;
				GCC_C_LANGUAGE_STANDARD = gnu11;
				GCC_DYNAMIC_NO_PIC = NO;
				GCC_NO_COMMON_BLOCKS = YES;
				GCC_OPTIMIZATION_LEVEL = 0;
				GCC_PREPROCESSOR_DEFINITIONS = (
					"DEBUG=1",
					"$(inherited)",
				);
				GCC_WARN_64_TO_32_BIT_CONVERSION = YES;
				GCC_WARN_ABOUT_RETURN_TYPE = YES_ERROR;
				GCC_WARN_UNDECLARED_SELECTOR = YES;
				GCC_WARN_UNINITIALIZED_AUTOS = YES_AGGRESSIVE;
				GCC_WARN_UNUSED_FUNCTION = YES;
				GCC_WARN_UNUSED_VARIABLE = YES;
				IPHONEOS_DEPLOYMENT_TARGET = 16.2;
				MTL_ENABLE_DEBUG_INFO = INCLUDE_SOURCE;
				MTL_FAST_MATH = YES;
				ONLY_ACTIVE_ARCH = YES;
				SDKROOT = iphoneos;
				SWIFT_ACTIVE_COMPILATION_CONDITIONS = DEBUG;
				SWIFT_OPTIMIZATION_LEVEL = "-Onone";
			};
			name = Debug;
		};
		FABBA0182B511603006BC90C /* Release */ = {
			isa = XCBuildConfiguration;
			buildSettings = {
				ALWAYS_SEARCH_USER_PATHS = NO;
				CLANG_ANALYZER_NONNULL = YES;
				CLANG_ANALYZER_NUMBER_OBJECT_CONVERSION = YES_AGGRESSIVE;
				CLANG_CXX_LANGUAGE_STANDARD = "gnu++20";
				CLANG_ENABLE_MODULES = YES;
				CLANG_ENABLE_OBJC_ARC = YES;
				CLANG_ENABLE_OBJC_WEAK = YES;
				CLANG_WARN_BLOCK_CAPTURE_AUTORELEASING = YES;
				CLANG_WARN_BOOL_CONVERSION = YES;
				CLANG_WARN_COMMA = YES;
				CLANG_WARN_CONSTANT_CONVERSION = YES;
				CLANG_WARN_DEPRECATED_OBJC_IMPLEMENTATIONS = YES;
				CLANG_WARN_DIRECT_OBJC_ISA_USAGE = YES_ERROR;
				CLANG_WARN_DOCUMENTATION_COMMENTS = YES;
				CLANG_WARN_EMPTY_BODY = YES;
				CLANG_WARN_ENUM_CONVERSION = YES;
				CLANG_WARN_INFINITE_RECURSION = YES;
				CLANG_WARN_INT_CONVERSION = YES;
				CLANG_WARN_NON_LITERAL_NULL_CONVERSION = YES;
				CLANG_WARN_OBJC_IMPLICIT_RETAIN_SELF = YES;
				CLANG_WARN_OBJC_LITERAL_CONVERSION = YES;
				CLANG_WARN_OBJC_ROOT_CLASS = YES_ERROR;
				CLANG_WARN_QUOTED_INCLUDE_IN_FRAMEWORK_HEADER = YES;
				CLANG_WARN_RANGE_LOOP_ANALYSIS = YES;
				CLANG_WARN_STRICT_PROTOTYPES = YES;
				CLANG_WARN_SUSPICIOUS_MOVE = YES;
				CLANG_WARN_UNGUARDED_AVAILABILITY = YES_AGGRESSIVE;
				CLANG_WARN_UNREACHABLE_CODE = YES;
				CLANG_WARN__DUPLICATE_METHOD_MATCH = YES;
				COPY_PHASE_STRIP = NO;
				DEBUG_INFORMATION_FORMAT = "dwarf-with-dsym";
				ENABLE_NS_ASSERTIONS = NO;
				ENABLE_STRICT_OBJC_MSGSEND = YES;
				GCC_C_LANGUAGE_STANDARD = gnu11;
				GCC_NO_COMMON_BLOCKS = YES;
				GCC_WARN_64_TO_32_BIT_CONVERSION = YES;
				GCC_WARN_ABOUT_RETURN_TYPE = YES_ERROR;
				GCC_WARN_UNDECLARED_SELECTOR = YES;
				GCC_WARN_UNINITIALIZED_AUTOS = YES_AGGRESSIVE;
				GCC_WARN_UNUSED_FUNCTION = YES;
				GCC_WARN_UNUSED_VARIABLE = YES;
				IPHONEOS_DEPLOYMENT_TARGET = 16.2;
				MTL_ENABLE_DEBUG_INFO = NO;
				MTL_FAST_MATH = YES;
				SDKROOT = iphoneos;
				SWIFT_COMPILATION_MODE = wholemodule;
				SWIFT_OPTIMIZATION_LEVEL = "-O";
				VALIDATE_PRODUCT = YES;
			};
			name = Release;
		};
		FABBA01A2B511603006BC90C /* Debug */ = {
			isa = XCBuildConfiguration;
			buildSettings = {
				ASSETCATALOG_COMPILER_APPICON_NAME = AppIcon;
				ASSETCATALOG_COMPILER_GLOBAL_ACCENT_COLOR_NAME = AccentColor;
				CODE_SIGN_STYLE = Automatic;
				CURRENT_PROJECT_VERSION = 1;
				DEVELOPMENT_TEAM = T8B4RZKP3U;
				GENERATE_INFOPLIST_FILE = YES;
				INFOPLIST_FILE = "GroceriesApp-UIKit/Info.plist";
				INFOPLIST_KEY_UIApplicationSupportsIndirectInputEvents = YES;
				INFOPLIST_KEY_UILaunchStoryboardName = LaunchScreen;
				INFOPLIST_KEY_UIMainStoryboardFile = "";
				INFOPLIST_KEY_UISupportedInterfaceOrientations_iPad = "UIInterfaceOrientationPortrait UIInterfaceOrientationPortraitUpsideDown UIInterfaceOrientationLandscapeLeft UIInterfaceOrientationLandscapeRight";
				INFOPLIST_KEY_UISupportedInterfaceOrientations_iPhone = "UIInterfaceOrientationPortrait UIInterfaceOrientationLandscapeLeft UIInterfaceOrientationLandscapeRight";
				LD_RUNPATH_SEARCH_PATHS = (
					"$(inherited)",
					"@executable_path/Frameworks",
				);
				MARKETING_VERSION = 1.0;
				PRODUCT_BUNDLE_IDENTIFIER = "mutluclkn.GroceriesApp-UIKit";
				PRODUCT_NAME = "$(TARGET_NAME)";
				SWIFT_EMIT_LOC_STRINGS = YES;
				SWIFT_VERSION = 5.0;
				TARGETED_DEVICE_FAMILY = "1,2";
			};
			name = Debug;
		};
		FABBA01B2B511603006BC90C /* Release */ = {
			isa = XCBuildConfiguration;
			buildSettings = {
				ASSETCATALOG_COMPILER_APPICON_NAME = AppIcon;
				ASSETCATALOG_COMPILER_GLOBAL_ACCENT_COLOR_NAME = AccentColor;
				CODE_SIGN_STYLE = Automatic;
				CURRENT_PROJECT_VERSION = 1;
				DEVELOPMENT_TEAM = T8B4RZKP3U;
				GENERATE_INFOPLIST_FILE = YES;
				INFOPLIST_FILE = "GroceriesApp-UIKit/Info.plist";
				INFOPLIST_KEY_UIApplicationSupportsIndirectInputEvents = YES;
				INFOPLIST_KEY_UILaunchStoryboardName = LaunchScreen;
				INFOPLIST_KEY_UIMainStoryboardFile = "";
				INFOPLIST_KEY_UISupportedInterfaceOrientations_iPad = "UIInterfaceOrientationPortrait UIInterfaceOrientationPortraitUpsideDown UIInterfaceOrientationLandscapeLeft UIInterfaceOrientationLandscapeRight";
				INFOPLIST_KEY_UISupportedInterfaceOrientations_iPhone = "UIInterfaceOrientationPortrait UIInterfaceOrientationLandscapeLeft UIInterfaceOrientationLandscapeRight";
				LD_RUNPATH_SEARCH_PATHS = (
					"$(inherited)",
					"@executable_path/Frameworks",
				);
				MARKETING_VERSION = 1.0;
				PRODUCT_BUNDLE_IDENTIFIER = "mutluclkn.GroceriesApp-UIKit";
				PRODUCT_NAME = "$(TARGET_NAME)";
				SWIFT_EMIT_LOC_STRINGS = YES;
				SWIFT_VERSION = 5.0;
				TARGETED_DEVICE_FAMILY = "1,2";
			};
			name = Release;
		};
/* End XCBuildConfiguration section */

/* Begin XCConfigurationList section */
		FABBA0002B511601006BC90C /* Build configuration list for PBXProject "GroceriesApp-UIKit" */ = {
			isa = XCConfigurationList;
			buildConfigurations = (
				FABBA0172B511603006BC90C /* Debug */,
				FABBA0182B511603006BC90C /* Release */,
			);
			defaultConfigurationIsVisible = 0;
			defaultConfigurationName = Release;
		};
		FABBA0192B511603006BC90C /* Build configuration list for PBXNativeTarget "GroceriesApp-UIKit" */ = {
			isa = XCConfigurationList;
			buildConfigurations = (
				FABBA01A2B511603006BC90C /* Debug */,
				FABBA01B2B511603006BC90C /* Release */,
			);
			defaultConfigurationIsVisible = 0;
			defaultConfigurationName = Release;
		};
/* End XCConfigurationList section */
	};
	rootObject = FABB9FFD2B511601006BC90C /* Project object */;
}
